lockfileVersion: 5.4

specifiers:
  '@types/node': ^18.11.0
  node-notifier: ^10.0.1

devDependencies:
  '@types/node': registry.npmmirror.com/@types/node/18.11.0
  node-notifier: registry.npmmirror.com/node-notifier/10.0.1

packages:

  registry.npmmirror.com/@types/node/18.11.0:
    resolution: {integrity: sha512-IOXCvVRToe7e0ny7HpT/X9Rb2RYtElG1a+VshjwT00HxrM2dWBApHQoqsI6WiY7Q03vdf2bCrIGzVrkF/5t10w==, registry: https://registry.npm.taobao.org/, tarball: https://registry.npmmirror.com/@types/node/-/node-18.11.0.tgz}
    name: '@types/node'
    version: 18.11.0
    dev: true

  registry.npmmirror.com/growly/1.3.0:
    resolution: {integrity: sha512-+xGQY0YyAWCnqy7Cd++hc2JqMYzlm0dG30Jd0beaA64sROr8C4nt8Yc9V5Ro3avlSUDTN0ulqP/VBKi1/lLygw==, registry: https://registry.npm.taobao.org/, tarball: https://registry.npmmirror.com/growly/-/growly-1.3.0.tgz}
    name: growly
    version: 1.3.0
    dev: true

  registry.npmmirror.com/is-docker/2.2.1:
    resolution: {integrity: sha512-F+i2BKsFrH66iaUFc0woD8sLy8getkwTwtOBjvs56Cx4CgJDeKQeqfz8wAYiSb8JOprWhHH5p77PbmYCvvUuXQ==, registry: https://registry.npm.taobao.org/, tarball: https://registry.npmmirror.com/is-docker/-/is-docker-2.2.1.tgz}
    name: is-docker
    version: 2.2.1
    engines: {node: '>=8'}
    hasBin: true
    dev: true

  registry.npmmirror.com/is-wsl/2.2.0:
    resolution: {integrity: sha512-fKzAra0rGJUUBwGBgNkHZuToZcn+TtXHpeCgmkMJMMYx1sQDYaCSyjJBSCa2nH1DGm7s3n1oBnohoVTBaN7Lww==, registry: https://registry.npm.taobao.org/, tarball: https://registry.npmmirror.com/is-wsl/-/is-wsl-2.2.0.tgz}
    name: is-wsl
    version: 2.2.0
    engines: {node: '>=8'}
    dependencies:
      is-docker: registry.npmmirror.com/is-docker/2.2.1
    dev: true

  registry.npmmirror.com/isexe/2.0.0:
    resolution: {integrity: sha512-RHxMLp9lnKHGHRng9QFhRCMbYAcVpn69smSGcq3f36xjgVVWThj4qqLbTLlq7Ssj8B+fIQ1EuCEGI2lKsyQeIw==, registry: https://registry.npm.taobao.org/, tarball: https://registry.npmmirror.com/isexe/-/isexe-2.0.0.tgz}
    name: isexe
    version: 2.0.0
    dev: true

  registry.npmmirror.com/lru-cache/6.0.0:
    resolution: {integrity: sha512-Jo6dJ04CmSjuznwJSS3pUeWmd/H0ffTlkXXgwZi+eq1UCmqQwCh+eLsYOYCwY991i2Fah4h1BEMCx4qThGbsiA==, registry: https://registry.npm.taobao.org/, tarball: https://registry.npmmirror.com/lru-cache/-/lru-cache-6.0.0.tgz}
    name: lru-cache
    version: 6.0.0
    engines: {node: '>=10'}
    dependencies:
      yallist: registry.npmmirror.com/yallist/4.0.0
    dev: true

  registry.npmmirror.com/node-notifier/10.0.1:
    resolution: {integrity: sha512-YX7TSyDukOZ0g+gmzjB6abKu+hTGvO8+8+gIFDsRCU2t8fLV/P2unmt+LGFaIa4y64aX98Qksa97rgz4vMNeLQ==, registry: https://registry.npm.taobao.org/, tarball: https://registry.npmmirror.com/node-notifier/-/node-notifier-10.0.1.tgz}
    name: node-notifier
    version: 10.0.1
    dependencies:
      growly: registry.npmmirror.com/growly/1.3.0
      is-wsl: registry.npmmirror.com/is-wsl/2.2.0
      semver: registry.npmmirror.com/semver/7.3.8
      shellwords: registry.npmmirror.com/shellwords/0.1.1
      uuid: registry.npmmirror.com/uuid/8.3.2
      which: registry.npmmirror.com/which/2.0.2
    dev: true

  registry.npmmirror.com/semver/7.3.8:
    resolution: {integrity: sha512-NB1ctGL5rlHrPJtFDVIVzTyQylMLu9N9VICA6HSFJo8MCGVTMW6gfpicwKmmK/dAjTOrqu5l63JJOpDSrAis3A==, registry: https://registry.npm.taobao.org/, tarball: https://registry.npmmirror.com/semver/-/semver-7.3.8.tgz}
    name: semver
    version: 7.3.8
    engines: {node: '>=10'}
    hasBin: true
    dependencies:
      lru-cache: registry.npmmirror.com/lru-cache/6.0.0
    dev: true

  registry.npmmirror.com/shellwords/0.1.1:
    resolution: {integrity: sha512-vFwSUfQvqybiICwZY5+DAWIPLKsWO31Q91JSKl3UYv+K5c2QRPzn0qzec6QPu1Qc9eHYItiP3NdJqNVqetYAww==, registry: https://registry.npm.taobao.org/, tarball: https://registry.npmmirror.com/shellwords/-/shellwords-0.1.1.tgz}
    name: shellwords
    version: 0.1.1
    dev: true

  registry.npmmirror.com/uuid/8.3.2:
    resolution: {integrity: sha512-+NYs2QeMWy+GWFOEm9xnn6HCDp0l7QBD7ml8zLUmJ+93Q5NF0NocErnwkTkXVFNiX3/fpC6afS8Dhb/gz7R7eg==, registry: https://registry.npm.taobao.org/, tarball: https://registry.npmmirror.com/uuid/-/uuid-8.3.2.tgz}
    name: uuid
    version: 8.3.2
    hasBin: true
    dev: true

  registry.npmmirror.com/which/2.0.2:
    resolution: {integrity: sha512-BLI3Tl1TW3Pvl70l3yq3Y64i+awpwXqsGBYWkkqMtnbXgrMD+yj7rhW0kuEDxzJaYXGjEW5ogapKNMEKNMjibA==, registry: https://registry.npm.taobao.org/, tarball: https://registry.npmmirror.com/which/-/which-2.0.2.tgz}
    name: which
    version: 2.0.2
    engines: {node: '>= 8'}
    hasBin: true
    dependencies:
      isexe: registry.npmmirror.com/isexe/2.0.0
    dev: true

  registry.npmmirror.com/yallist/4.0.0:
    resolution: {integrity: sha512-3wdGidZyq5PB084XLES5TpOSRA3wjXAlIWMhum2kRcv/41Sn2emQ0dycQW4uZXLejwKvg6EsvbdlVL+FYEct7A==, registry: https://registry.npm.taobao.org/, tarball: https://registry.npmmirror.com/yallist/-/yallist-4.0.0.tgz}
    name: yallist
    version: 4.0.0
    dev: true
